
Microsoft Visual Studio Solution File, Format Version 12.00
# Visual Studio 15
VisualStudioVersion = 15.0.28307.421
MinimumVisualStudioVersion = 10.0.40219.1
Project("{9A19103F-16F7-4668-BE54-9A1E7A4F7556}") = "ServiceA", "ServiceA\ServiceA.csproj", "{50AE6280-0436-49FB-AA6B-76E24C2E7EA3}"
EndProject
Project("{9A19103F-16F7-4668-BE54-9A1E7A4F7556}") = "ServiceB", "ServiceB\ServiceB.csproj", "{E4F5DFFD-3956-46DA-A98A-3EDEE4619EE7}"
EndProject
Project("{9A19103F-16F7-4668-BE54-9A1E7A4F7556}") = "IdentityServer", "IdentityServer\IdentityServer.csproj", "{511486A3-DE25-4DFD-9462-95FBC73E9DD5}"
EndProject
Project("{9A19103F-16F7-4668-BE54-9A1E7A4F7556}") = "ApiGateway", "ApiGateway\ApiGateway.csproj", "{0F04F259-B1F9-4C67-8462-C0B3E9EFBA8B}"
EndProject
Project("{2150E333-8FDC-42A3-9474-1A3956D46DE8}") = "Services", "Services", "{0C281000-C0CC-4868-8595-1D98871B9B4E}"
EndProject
Project("{2150E333-8FDC-42A3-9474-1A3956D46DE8}") = "Solution Items", "Solution Items", "{F37A083A-E16D-4853-89C9-D23C42BA7547}"
	ProjectSection(SolutionItems) = preProject
		Documents\Images\ConsulConfi.png = Documents\Images\ConsulConfi.png
		Documents\Images\ConsulServices.png = Documents\Images\ConsulServices.png
		Documents\Images\CreateServiceA.png = Documents\Images\CreateServiceA.png
		Documents\Images\CreateServiceAWebApi.png = Documents\Images\CreateServiceAWebApi.png
		Documents\Images\GatewayCreate1.png = Documents\Images\GatewayCreate1.png
		Documents\Images\GatewayCreate2.png = Documents\Images\GatewayCreate2.png
		Documents\Images\GatewayRequestForbidden.png = Documents\Images\GatewayRequestForbidden.png
		Documents\Images\GatewayRequestValues.png = Documents\Images\GatewayRequestValues.png
		Documents\Images\IdentityServer404.png = Documents\Images\IdentityServer404.png
		Documents\Images\IdentityServerCreate1.png = Documents\Images\IdentityServerCreate1.png
		Documents\Images\IdentityServerCreate2.png = Documents\Images\IdentityServerCreate2.png
		Documents\Images\IdentityServerWellKnown.png = Documents\Images\IdentityServerWellKnown.png
	EndProjectSection
EndProject
Global
	GlobalSection(SolutionConfigurationPlatforms) = preSolution
		Debug|Any CPU = Debug|Any CPU
		Release|Any CPU = Release|Any CPU
	EndGlobalSection
	GlobalSection(ProjectConfigurationPlatforms) = postSolution
		{50AE6280-0436-49FB-AA6B-76E24C2E7EA3}.Debug|Any CPU.ActiveCfg = Debug|Any CPU
		{50AE6280-0436-49FB-AA6B-76E24C2E7EA3}.Debug|Any CPU.Build.0 = Debug|Any CPU
		{50AE6280-0436-49FB-AA6B-76E24C2E7EA3}.Release|Any CPU.ActiveCfg = Release|Any CPU
		{50AE6280-0436-49FB-AA6B-76E24C2E7EA3}.Release|Any CPU.Build.0 = Release|Any CPU
		{E4F5DFFD-3956-46DA-A98A-3EDEE4619EE7}.Debug|Any CPU.ActiveCfg = Debug|Any CPU
		{E4F5DFFD-3956-46DA-A98A-3EDEE4619EE7}.Debug|Any CPU.Build.0 = Debug|Any CPU
		{E4F5DFFD-3956-46DA-A98A-3EDEE4619EE7}.Release|Any CPU.ActiveCfg = Release|Any CPU
		{E4F5DFFD-3956-46DA-A98A-3EDEE4619EE7}.Release|Any CPU.Build.0 = Release|Any CPU
		{511486A3-DE25-4DFD-9462-95FBC73E9DD5}.Debug|Any CPU.ActiveCfg = Debug|Any CPU
		{511486A3-DE25-4DFD-9462-95FBC73E9DD5}.Debug|Any CPU.Build.0 = Debug|Any CPU
		{511486A3-DE25-4DFD-9462-95FBC73E9DD5}.Release|Any CPU.ActiveCfg = Release|Any CPU
		{511486A3-DE25-4DFD-9462-95FBC73E9DD5}.Release|Any CPU.Build.0 = Release|Any CPU
		{0F04F259-B1F9-4C67-8462-C0B3E9EFBA8B}.Debug|Any CPU.ActiveCfg = Debug|Any CPU
		{0F04F259-B1F9-4C67-8462-C0B3E9EFBA8B}.Debug|Any CPU.Build.0 = Debug|Any CPU
		{0F04F259-B1F9-4C67-8462-C0B3E9EFBA8B}.Release|Any CPU.ActiveCfg = Release|Any CPU
		{0F04F259-B1F9-4C67-8462-C0B3E9EFBA8B}.Release|Any CPU.Build.0 = Release|Any CPU
	EndGlobalSection
	GlobalSection(SolutionProperties) = preSolution
		HideSolutionNode = FALSE
	EndGlobalSection
	GlobalSection(NestedProjects) = preSolution
		{50AE6280-0436-49FB-AA6B-76E24C2E7EA3} = {0C281000-C0CC-4868-8595-1D98871B9B4E}
		{E4F5DFFD-3956-46DA-A98A-3EDEE4619EE7} = {0C281000-C0CC-4868-8595-1D98871B9B4E}
	EndGlobalSection
	GlobalSection(ExtensibilityGlobals) = postSolution
		SolutionGuid = {C54697B3-F594-450D-A3F8-D06849A17700}
	EndGlobalSection
EndGlobal
